
Microsoft Visual Studio Solution File, Format Version 12.00
# Visual Studio Version 17
VisualStudioVersion = 17.5.33530.505
MinimumVisualStudioVersion = 10.0.40219.1
Project("{FAE04EC0-301F-11D3-BF4B-00C04F79EFBC}") = "Lab 6Q8", "Lab 6Q8\Lab 6Q8.csproj", "{486C0163-6795-423C-9CBC-21D50A6D1653}"
EndProject
Global
	GlobalSection(SolutionConfigurationPlatforms) = preSolution
		Debug|Any CPU = Debug|Any CPU
		Release|Any CPU = Release|Any CPU
	EndGlobalSection
	GlobalSection(ProjectConfigurationPlatforms) = postSolution
		{486C0163-6795-423C-9CBC-21D50A6D1653}.Debug|Any CPU.ActiveCfg = Debug|Any CPU
		{486C0163-6795-423C-9CBC-21D50A6D1653}.Debug|Any CPU.Build.0 = Debug|Any CPU
		{486C0163-6795-423C-9CBC-21D50A6D1653}.Release|Any CPU.ActiveCfg = Release|Any CPU
		{486C0163-6795-423C-9CBC-21D50A6D1653}.Release|Any CPU.Build.0 = Release|Any CPU
	EndGlobalSection
	GlobalSection(SolutionProperties) = preSolution
		HideSolutionNode = FALSE
	EndGlobalSection
	GlobalSection(ExtensibilityGlobals) = postSolution
		SolutionGuid = {71AAA720-DA3D-40F2-8F1B-13502951B232}
	EndGlobalSection
EndGlobal
